
Microsoft Visual Studio Solution File, Format Version 12.00
# Visual Studio Version 17
VisualStudioVersion = 17.2.32630.192
MinimumVisualStudioVersion = 10.0.40219.1
Project("{9A19103F-16F7-4668-BE54-9A1E7A4F7556}") = "RefereeHelper", "RefereeHelper\RefereeHelper.csproj", "{74E94A4F-C648-405E-8DC7-47CDDD5391F7}"
EndProject
Project("{9A19103F-16F7-4668-BE54-9A1E7A4F7556}") = "RefereeHelper.Domain", "RefereeHelper.Domain\RefereeHelper.Domain.csproj", "{45FBCB02-011D-4FCE-A20B-801C9672492F}"
EndProject
Project("{9A19103F-16F7-4668-BE54-9A1E7A4F7556}") = "RefereeHelper.EntityFramework", "RefereeHelper.EntityFramework\RefereeHelper.EntityFramework.csproj", "{CEA44150-AE6A-43D1-B6ED-AB1A57C202FE}"
EndProject
Project("{2150E333-8FDC-42A3-9474-1A3956D46DE8}") = "Tests", "Tests", "{98D3F03F-332A-4A0B-B2F8-53E75223DA7C}"
EndProject
Project("{9A19103F-16F7-4668-BE54-9A1E7A4F7556}") = "RefereeHelper.Test", "RefereeHelper.Test\RefereeHelper.Test.csproj", "{4E068213-13B8-41F5-BFB0-671F6EE3296E}"
EndProject
Project("{2150E333-8FDC-42A3-9474-1A3956D46DE8}") = "Class", "Class", "{BDFD5EAC-D9B7-40E1-8EA8-33E8973573EE}"
	ProjectSection(SolutionItems) = preProject
		Receive.cs = Receive.cs
	EndProjectSection
EndProject
Global
	GlobalSection(SolutionConfigurationPlatforms) = preSolution
		Debug|Any CPU = Debug|Any CPU
		Release|Any CPU = Release|Any CPU
	EndGlobalSection
	GlobalSection(ProjectConfigurationPlatforms) = postSolution
		{74E94A4F-C648-405E-8DC7-47CDDD5391F7}.Debug|Any CPU.ActiveCfg = Debug|Any CPU
		{74E94A4F-C648-405E-8DC7-47CDDD5391F7}.Debug|Any CPU.Build.0 = Debug|Any CPU
		{74E94A4F-C648-405E-8DC7-47CDDD5391F7}.Release|Any CPU.ActiveCfg = Release|Any CPU
		{74E94A4F-C648-405E-8DC7-47CDDD5391F7}.Release|Any CPU.Build.0 = Release|Any CPU
		{45FBCB02-011D-4FCE-A20B-801C9672492F}.Debug|Any CPU.ActiveCfg = Debug|Any CPU
		{45FBCB02-011D-4FCE-A20B-801C9672492F}.Debug|Any CPU.Build.0 = Debug|Any CPU
		{45FBCB02-011D-4FCE-A20B-801C9672492F}.Release|Any CPU.ActiveCfg = Release|Any CPU
		{45FBCB02-011D-4FCE-A20B-801C9672492F}.Release|Any CPU.Build.0 = Release|Any CPU
		{CEA44150-AE6A-43D1-B6ED-AB1A57C202FE}.Debug|Any CPU.ActiveCfg = Debug|Any CPU
		{CEA44150-AE6A-43D1-B6ED-AB1A57C202FE}.Debug|Any CPU.Build.0 = Debug|Any CPU
		{CEA44150-AE6A-43D1-B6ED-AB1A57C202FE}.Release|Any CPU.ActiveCfg = Release|Any CPU
		{CEA44150-AE6A-43D1-B6ED-AB1A57C202FE}.Release|Any CPU.Build.0 = Release|Any CPU
		{4E068213-13B8-41F5-BFB0-671F6EE3296E}.Debug|Any CPU.ActiveCfg = Debug|Any CPU
		{4E068213-13B8-41F5-BFB0-671F6EE3296E}.Debug|Any CPU.Build.0 = Debug|Any CPU
		{4E068213-13B8-41F5-BFB0-671F6EE3296E}.Release|Any CPU.ActiveCfg = Release|Any CPU
		{4E068213-13B8-41F5-BFB0-671F6EE3296E}.Release|Any CPU.Build.0 = Release|Any CPU
	EndGlobalSection
	GlobalSection(SolutionProperties) = preSolution
		HideSolutionNode = FALSE
	EndGlobalSection
	GlobalSection(NestedProjects) = preSolution
		{4E068213-13B8-41F5-BFB0-671F6EE3296E} = {98D3F03F-332A-4A0B-B2F8-53E75223DA7C}
	EndGlobalSection
	GlobalSection(ExtensibilityGlobals) = postSolution
		SolutionGuid = {60CD93B7-4FA9-43C9-BE99-62F8717E66D5}
	EndGlobalSection
EndGlobal
